
Microsoft Visual Studio Solution File, Format Version 12.00
# Visual Studio Version 17
VisualStudioVersion = 17.0.31903.59
MinimumVisualStudioVersion = 10.0.40219.1
Project("{FAE04EC0-301F-11D3-BF4B-00C04F79EFBC}") = "Lab14SendToStudent", "Lab14SendToStudent\Lab14SendToStudent.csproj", "{C7B0F3A1-BC90-43D4-ACEE-6A9E2364AD60}"
EndProject
Global
	GlobalSection(SolutionConfigurationPlatforms) = preSolution
		Debug|Any CPU = Debug|Any CPU
		Release|Any CPU = Release|Any CPU
	EndGlobalSection
	GlobalSection(ProjectConfigurationPlatforms) = postSolution
		{C7B0F3A1-BC90-43D4-ACEE-6A9E2364AD60}.Debug|Any CPU.ActiveCfg = Debug|Any CPU
		{C7B0F3A1-BC90-43D4-ACEE-6A9E2364AD60}.Debug|Any CPU.Build.0 = Debug|Any CPU
		{C7B0F3A1-BC90-43D4-ACEE-6A9E2364AD60}.Release|Any CPU.ActiveCfg = Release|Any CPU
		{C7B0F3A1-BC90-43D4-ACEE-6A9E2364AD60}.Release|Any CPU.Build.0 = Release|Any CPU
	EndGlobalSection
	GlobalSection(SolutionProperties) = preSolution
		HideSolutionNode = FALSE
	EndGlobalSection
	GlobalSection(ExtensibilityGlobals) = postSolution
		SolutionGuid = {0565504D-CA45-4B8A-88E0-60F8254800F3}
	EndGlobalSection
EndGlobal
