
Microsoft Visual Studio Solution File, Format Version 12.00
# Visual Studio Version 17
VisualStudioVersion = 17.0.31903.59
MinimumVisualStudioVersion = 10.0.40219.1
Project("{FAE04EC0-301F-11D3-BF4B-00C04F79EFBC}") = "HW7", "HW7.csproj", "{78794A7D-101F-47E8-885B-1C71661201C0}"
EndProject
Global
	GlobalSection(SolutionConfigurationPlatforms) = preSolution
		Debug|Any CPU = Debug|Any CPU
		Release|Any CPU = Release|Any CPU
	EndGlobalSection
	GlobalSection(ProjectConfigurationPlatforms) = postSolution
		{78794A7D-101F-47E8-885B-1C71661201C0}.Debug|Any CPU.ActiveCfg = Debug|Any CPU
		{78794A7D-101F-47E8-885B-1C71661201C0}.Debug|Any CPU.Build.0 = Debug|Any CPU
		{78794A7D-101F-47E8-885B-1C71661201C0}.Release|Any CPU.ActiveCfg = Release|Any CPU
		{78794A7D-101F-47E8-885B-1C71661201C0}.Release|Any CPU.Build.0 = Release|Any CPU
	EndGlobalSection
	GlobalSection(SolutionProperties) = preSolution
		HideSolutionNode = FALSE
	EndGlobalSection
	GlobalSection(ExtensibilityGlobals) = postSolution
		SolutionGuid = {C20DD3DC-5C71-4DDE-813E-767F6C95ED52}
	EndGlobalSection
EndGlobal
