
Microsoft Visual Studio Solution File, Format Version 12.00
# Visual Studio Version 17
VisualStudioVersion = 17.0.31903.59
MinimumVisualStudioVersion = 10.0.40219.1
Project("{FAE04EC0-301F-11D3-BF4B-00C04F79EFBC}") = "HW5", "HW5.csproj", "{A19323E7-226F-4187-A50C-1411FFCFEEF2}"
EndProject
Global
	GlobalSection(SolutionConfigurationPlatforms) = preSolution
		Debug|Any CPU = Debug|Any CPU
		Release|Any CPU = Release|Any CPU
	EndGlobalSection
	GlobalSection(ProjectConfigurationPlatforms) = postSolution
		{A19323E7-226F-4187-A50C-1411FFCFEEF2}.Debug|Any CPU.ActiveCfg = Debug|Any CPU
		{A19323E7-226F-4187-A50C-1411FFCFEEF2}.Debug|Any CPU.Build.0 = Debug|Any CPU
		{A19323E7-226F-4187-A50C-1411FFCFEEF2}.Release|Any CPU.ActiveCfg = Release|Any CPU
		{A19323E7-226F-4187-A50C-1411FFCFEEF2}.Release|Any CPU.Build.0 = Release|Any CPU
	EndGlobalSection
	GlobalSection(SolutionProperties) = preSolution
		HideSolutionNode = FALSE
	EndGlobalSection
	GlobalSection(ExtensibilityGlobals) = postSolution
		SolutionGuid = {514DA1D6-3646-416C-857D-1DAEB06270ED}
	EndGlobalSection
EndGlobal
